
Microsoft Visual Studio Solution File, Format Version 12.00
# Visual Studio 15
VisualStudioVersion = 15.0.27703.2026
MinimumVisualStudioVersion = 10.0.40219.1
Project("{FAE04EC0-301F-11D3-BF4B-00C04F79EFBC}") = "FirstTask", "FirstTask\FirstTask.csproj", "{3523F447-DB4E-4E29-924E-701D0A4A1BD6}"
EndProject
Project("{FAE04EC0-301F-11D3-BF4B-00C04F79EFBC}") = "SecondTask", "SecondTask\SecondTask.csproj", "{88AC6D96-4BD9-4397-AC1A-339C299A09D2}"
EndProject
Project("{FAE04EC0-301F-11D3-BF4B-00C04F79EFBC}") = "ThirdTask", "ThirdTask\ThirdTask.csproj", "{68A39509-5269-49BD-B0F2-5DBE644B22C0}"
EndProject
Project("{FAE04EC0-301F-11D3-BF4B-00C04F79EFBC}") = "FourthTask", "FourthTask\FourthTask.csproj", "{253B5213-4818-436D-8D24-ACEEF2375F27}"
EndProject
Project("{FAE04EC0-301F-11D3-BF4B-00C04F79EFBC}") = "FifthTask", "FifthTask\FifthTask.csproj", "{80B48036-229E-4C98-9779-E635750E7D5F}"
EndProject
Global
	GlobalSection(SolutionConfigurationPlatforms) = preSolution
		Debug|Any CPU = Debug|Any CPU
		Release|Any CPU = Release|Any CPU
	EndGlobalSection
	GlobalSection(ProjectConfigurationPlatforms) = postSolution
		{3523F447-DB4E-4E29-924E-701D0A4A1BD6}.Debug|Any CPU.ActiveCfg = Debug|Any CPU
		{3523F447-DB4E-4E29-924E-701D0A4A1BD6}.Debug|Any CPU.Build.0 = Debug|Any CPU
		{3523F447-DB4E-4E29-924E-701D0A4A1BD6}.Release|Any CPU.ActiveCfg = Release|Any CPU
		{3523F447-DB4E-4E29-924E-701D0A4A1BD6}.Release|Any CPU.Build.0 = Release|Any CPU
		{88AC6D96-4BD9-4397-AC1A-339C299A09D2}.Debug|Any CPU.ActiveCfg = Debug|Any CPU
		{88AC6D96-4BD9-4397-AC1A-339C299A09D2}.Debug|Any CPU.Build.0 = Debug|Any CPU
		{88AC6D96-4BD9-4397-AC1A-339C299A09D2}.Release|Any CPU.ActiveCfg = Release|Any CPU
		{88AC6D96-4BD9-4397-AC1A-339C299A09D2}.Release|Any CPU.Build.0 = Release|Any CPU
		{68A39509-5269-49BD-B0F2-5DBE644B22C0}.Debug|Any CPU.ActiveCfg = Debug|Any CPU
		{68A39509-5269-49BD-B0F2-5DBE644B22C0}.Debug|Any CPU.Build.0 = Debug|Any CPU
		{68A39509-5269-49BD-B0F2-5DBE644B22C0}.Release|Any CPU.ActiveCfg = Release|Any CPU
		{68A39509-5269-49BD-B0F2-5DBE644B22C0}.Release|Any CPU.Build.0 = Release|Any CPU
		{253B5213-4818-436D-8D24-ACEEF2375F27}.Debug|Any CPU.ActiveCfg = Debug|Any CPU
		{253B5213-4818-436D-8D24-ACEEF2375F27}.Debug|Any CPU.Build.0 = Debug|Any CPU
		{253B5213-4818-436D-8D24-ACEEF2375F27}.Release|Any CPU.ActiveCfg = Release|Any CPU
		{253B5213-4818-436D-8D24-ACEEF2375F27}.Release|Any CPU.Build.0 = Release|Any CPU
		{80B48036-229E-4C98-9779-E635750E7D5F}.Debug|Any CPU.ActiveCfg = Debug|Any CPU
		{80B48036-229E-4C98-9779-E635750E7D5F}.Debug|Any CPU.Build.0 = Debug|Any CPU
		{80B48036-229E-4C98-9779-E635750E7D5F}.Release|Any CPU.ActiveCfg = Release|Any CPU
		{80B48036-229E-4C98-9779-E635750E7D5F}.Release|Any CPU.Build.0 = Release|Any CPU
	EndGlobalSection
	GlobalSection(SolutionProperties) = preSolution
		HideSolutionNode = FALSE
	EndGlobalSection
	GlobalSection(ExtensibilityGlobals) = postSolution
		SolutionGuid = {744CB237-F91B-4656-8D3D-C43064B69072}
	EndGlobalSection
EndGlobal
